// !$*UTF8*$!
{
	archiveVersion = 1;
	classes = {
	};
	objectVersion = 46;
	objects = {

/* Begin PBXBuildFile section */
		FD27629F1EA840FE0066E7A8 /* main.m in Sources */ = {isa = PBXBuildFile; fileRef = FD27629E1EA840FE0066E7A8 /* main.m */; };
		FD2762A21EA840FE0066E7A8 /* AppDelegate.m in Sources */ = {isa = PBXBuildFile; fileRef = FD2762A11EA840FE0066E7A8 /* AppDelegate.m */; };
		FD2762A81EA840FE0066E7A8 /* Main.storyboard in Resources */ = {isa = PBXBuildFile; fileRef = FD2762A61EA840FE0066E7A8 /* Main.storyboard */; };
		FD2762AA1EA840FE0066E7A8 /* Assets.xcassets in Resources */ = {isa = PBXBuildFile; fileRef = FD2762A91EA840FE0066E7A8 /* Assets.xcassets */; };
		FD2762AD1EA840FE0066E7A8 /* LaunchScreen.storyboard in Resources */ = {isa = PBXBuildFile; fileRef = FD2762AB1EA840FE0066E7A8 /* LaunchScreen.storyboard */; };
		FD2762B61EA8414E0066E7A8 /* SafeFingerprintViewController.m in Sources */ = {isa = PBXBuildFile; fileRef = FD2762B51EA8414E0066E7A8 /* SafeFingerprintViewController.m */; };
		FD2762B81EA841BE0066E7A8 /* Picture.xcassets in Resources */ = {isa = PBXBuildFile; fileRef = FD2762B71EA841BE0066E7A8 /* Picture.xcassets */; };
/* End PBXBuildFile section */

/* Begin PBXFileReference section */
		FD27629A1EA840FE0066E7A8 /* FingerprintIdentification.app */ = {isa = PBXFileReference; explicitFileType = wrapper.application; includeInIndex = 0; path = FingerprintIdentification.app; sourceTree = BUILT_PRODUCTS_DIR; };
		FD27629E1EA840FE0066E7A8 /* main.m */ = {isa = PBXFileReference; lastKnownFileType = sourcecode.c.objc; path = main.m; sourceTree = "<group>"; };
		FD2762A01EA840FE0066E7A8 /* AppDelegate.h */ = {isa = PBXFileReference; lastKnownFileType = sourcecode.c.h; path = AppDelegate.h; sourceTree = "<group>"; };
		FD2762A11EA840FE0066E7A8 /* AppDelegate.m */ = {isa = PBXFileReference; lastKnownFileType = sourcecode.c.objc; path = AppDelegate.m; sourceTree = "<group>"; };
		FD2762A71EA840FE0066E7A8 /* Base */ = {isa = PBXFileReference; lastKnownFileType = file.storyboard; name = Base; path = Base.lproj/Main.storyboard; sourceTree = "<group>"; };
		FD2762A91EA840FE0066E7A8 /* Assets.xcassets */ = {isa = PBXFileReference; lastKnownFileType = folder.assetcatalog; path = Assets.xcassets; sourceTree = "<group>"; };
		FD2762AC1EA840FE0066E7A8 /* Base */ = {isa = PBXFileReference; lastKnownFileType = file.storyboard; name = Base; path = Base.lproj/LaunchScreen.storyboard; sourceTree = "<group>"; };
		FD2762AE1EA840FE0066E7A8 /* Info.plist */ = {isa = PBXFileReference; lastKnownFileType = text.plist.xml; path = Info.plist; sourceTree = "<group>"; };
		FD2762B41EA8414E0066E7A8 /* SafeFingerprintViewController.h */ = {isa = PBXFileReference; fileEncoding = 4; lastKnownFileType = sourcecode.c.h; path = SafeFingerprintViewController.h; sourceTree = "<group>"; };
		FD2762B51EA8414E0066E7A8 /* SafeFingerprintViewController.m */ = {isa = PBXFileReference; fileEncoding = 4; lastKnownFileType = sourcecode.c.objc; path = SafeFingerprintViewController.m; sourceTree = "<group>"; };
		FD2762B71EA841BE0066E7A8 /* Picture.xcassets */ = {isa = PBXFileReference; lastKnownFileType = folder.assetcatalog; path = Picture.xcassets; sourceTree = "<group>"; };
/* End PBXFileReference section */

/* Begin PBXFrameworksBuildPhase section */
		FD2762971EA840FE0066E7A8 /* Frameworks */ = {
			isa = PBXFrameworksBuildPhase;
			buildActionMask = 2147483647;
			files = (
			);
			runOnlyForDeploymentPostprocessing = 0;
		};
/* End PBXFrameworksBuildPhase section */

/* Begin PBXGroup section */
		FD2762911EA840FE0066E7A8 = {
			isa = PBXGroup;
			children = (
				FD27629C1EA840FE0066E7A8 /* FingerprintIdentification */,
				FD27629B1EA840FE0066E7A8 /* Products */,
			);
			sourceTree = "<group>";
		};
		FD27629B1EA840FE0066E7A8 /* Products */ = {
			isa = PBXGroup;
			children = (
				FD27629A1EA840FE0066E7A8 /* FingerprintIdentification.app */,
			);
			name = Products;
			sourceTree = "<group>";
		};
		FD27629C1EA840FE0066E7A8 /* FingerprintIdentification */ = {
			isa = PBXGroup;
			children = (
				FD2762A01EA840FE0066E7A8 /* AppDelegate.h */,
				FD2762A11EA840FE0066E7A8 /* AppDelegate.m */,
				FD2762B41EA8414E0066E7A8 /* SafeFingerprintViewController.h */,
				FD2762B51EA8414E0066E7A8 /* SafeFingerprintViewController.m */,
				FD2762A61EA840FE0066E7A8 /* Main.storyboard */,
				FD2762A91EA840FE0066E7A8 /* Assets.xcassets */,
				FD2762AB1EA840FE0066E7A8 /* LaunchScreen.storyboard */,
				FD2762AE1EA840FE0066E7A8 /* Info.plist */,
				FD27629D1EA840FE0066E7A8 /* Supporting Files */,
				FD2762B71EA841BE0066E7A8 /* Picture.xcassets */,
			);
			path = FingerprintIdentification;
			sourceTree = "<group>";
		};
		FD27629D1EA840FE0066E7A8 /* Supporting Files */ = {
			isa = PBXGroup;
			children = (
				FD27629E1EA840FE0066E7A8 /* main.m */,
			);
			name = "Supporting Files";
			sourceTree = "<group>";
		};
/* End PBXGroup section */

/* Begin PBXNativeTarget section */
		FD2762991EA840FE0066E7A8 /* FingerprintIdentification */ = {
			isa = PBXNativeTarget;
			buildConfigurationList = FD2762B11EA840FE0066E7A8 /* Build configuration list for PBXNativeTarget "FingerprintIdentification" */;
			buildPhases = (
				FD2762961EA840FE0066E7A8 /* Sources */,
				FD2762971EA840FE0066E7A8 /* Frameworks */,
				FD2762981EA840FE0066E7A8 /* Resources */,
			);
			buildRules = (
			);
			dependencies = (
			);
			name = FingerprintIdentification;
			productName = FingerprintIdentification;
			productReference = FD27629A1EA840FE0066E7A8 /* FingerprintIdentification.app */;
			productType = "com.apple.product-type.application";
		};
/* End PBXNativeTarget section */

/* Begin PBXProject section */
		FD2762921EA840FE0066E7A8 /* Project object */ = {
			isa = PBXProject;
			attributes = {
				LastUpgradeCheck = 0830;
				ORGANIZATIONNAME = gaofu;
				TargetAttributes = {
					FD2762991EA840FE0066E7A8 = {
						CreatedOnToolsVersion = 8.3;
						DevelopmentTeam = 6459Z37373;
						ProvisioningStyle = Automatic;
					};
				};
			};
			buildConfigurationList = FD2762951EA840FE0066E7A8 /* Build configuration list for PBXProject "FingerprintIdentification" */;
			compatibilityVersion = "Xcode 3.2";
			developmentRegion = English;
			hasScannedForEncodings = 0;
			knownRegions = (
				en,
				Base,
			);
			mainGroup = FD2762911EA840FE0066E7A8;
			productRefGroup = FD27629B1EA840FE0066E7A8 /* Products */;
			projectDirPath = "";
			projectRoot = "";
			targets = (
				FD2762991EA840FE0066E7A8 /* FingerprintIdentification */,
			);
		};
/* End PBXProject section */

/* Begin PBXResourcesBuildPhase section */
		FD2762981EA840FE0066E7A8 /* Resources */ = {
			isa = PBXResourcesBuildPhase;
			buildActionMask = 2147483647;
			files = (
				FD2762B81EA841BE0066E7A8 /* Picture.xcassets in Resources */,
				FD2762AD1EA840FE0066E7A8 /* LaunchScreen.storyboard in Resources */,
				FD2762AA1EA840FE0066E7A8 /* Assets.xcassets in Resources */,
				FD2762A81EA840FE0066E7A8 /* Main.storyboard in Resources */,
			);
			runOnlyForDeploymentPostprocessing = 0;
		};
/* End PBXResourcesBuildPhase section */

/* Begin PBXSourcesBuildPhase section */
		FD2762961EA840FE0066E7A8 /* Sources */ = {
			isa = PBXSourcesBuildPhase;
			buildActionMask = 2147483647;
			files = (
				FD2762B61EA8414E0066E7A8 /* SafeFingerprintViewController.m in Sources */,
				FD2762A21EA840FE0066E7A8 /* AppDelegate.m in Sources */,
				FD27629F1EA840FE0066E7A8 /* main.m in Sources */,
			);
			runOnlyForDeploymentPostprocessing = 0;
		};
/* End PBXSourcesBuildPhase section */

/* Begin PBXVariantGroup section */
		FD2762A61EA840FE0066E7A8 /* Main.storyboard */ = {
			isa = PBXVariantGroup;
			children = (
				FD2762A71EA840FE0066E7A8 /* Base */,
			);
			name = Main.storyboard;
			sourceTree = "<group>";
		};
		FD2762AB1EA840FE0066E7A8 /* LaunchScreen.storyboard */ = {
			isa = PBXVariantGroup;
			children = (
				FD2762AC1EA840FE0066E7A8 /* Base */,
			);
			name = LaunchScreen.storyboard;
			sourceTree = "<group>";
		};
/* End PBXVariantGroup section */

/* Begin XCBuildConfiguration section */
		FD2762AF1EA840FE0066E7A8 /* Debug */ = {
			isa = XCBuildConfiguration;
			buildSettings = {
				ALWAYS_SEARCH_USER_PATHS = NO;
				CLANG_ANALYZER_NONNULL = YES;
				CLANG_ANALYZER_NUMBER_OBJECT_CONVERSION = YES_AGGRESSIVE;
				CLANG_CXX_LANGUAGE_STANDARD = "gnu++0x";
				CLANG_CXX_LIBRARY = "libc++";
				CLANG_ENABLE_MODULES = YES;
				CLANG_ENABLE_OBJC_ARC = YES;
				CLANG_WARN_BOOL_CONVERSION = YES;
				CLANG_WARN_CONSTANT_CONVERSION = YES;
				CLANG_WARN_DIRECT_OBJC_ISA_USAGE = YES_ERROR;
				CLANG_WARN_DOCUMENTATION_COMMENTS = YES;
				CLANG_WARN_EMPTY_BODY = YES;
				CLANG_WARN_ENUM_CONVERSION = YES;
				CLANG_WARN_INFINITE_RECURSION = YES;
				CLANG_WARN_INT_CONVERSION = YES;
				CLANG_WARN_OBJC_ROOT_CLASS = YES_ERROR;
				CLANG_WARN_SUSPICIOUS_MOVE = YES;
				CLANG_WARN_UNREACHABLE_CODE = YES;
				CLANG_WARN__DUPLICATE_METHOD_MATCH = YES;
				"CODE_SIGN_IDENTITY[sdk=iphoneos*]" = "iPhone Developer";
				COPY_PHASE_STRIP = NO;
				DEBUG_INFORMATION_FORMAT = dwarf;
				ENABLE_STRICT_OBJC_MSGSEND = YES;
				ENABLE_TESTABILITY = YES;
				GCC_C_LANGUAGE_STANDARD = gnu99;
				GCC_DYNAMIC_NO_PIC = NO;
				GCC_NO_COMMON_BLOCKS = YES;
				GCC_OPTIMIZATION_LEVEL = 0;
				GCC_PREPROCESSOR_DEFINITIONS = (
					"DEBUG=1",
					"$(inherited)",
				);
				GCC_WARN_64_TO_32_BIT_CONVERSION = YES;
				GCC_WARN_ABOUT_RETURN_TYPE = YES_ERROR;
				GCC_WARN_UNDECLARED_SELECTOR = YES;
				GCC_WARN_UNINITIALIZED_AUTOS = YES_AGGRESSIVE;
				GCC_WARN_UNUSED_FUNCTION = YES;
				GCC_WARN_UNUSED_VARIABLE = YES;
				IPHONEOS_DEPLOYMENT_TARGET = 10.3;
				MTL_ENABLE_DEBUG_INFO = YES;
				ONLY_ACTIVE_ARCH = YES;
				SDKROOT = iphoneos;
				TARGETED_DEVICE_FAMILY = "1,2";
			};
			name = Debug;
		};
		FD2762B01EA840FE0066E7A8 /* Release */ = {
			isa = XCBuildConfiguration;
			buildSettings = {
				ALWAYS_SEARCH_USER_PATHS = NO;
				CLANG_ANALYZER_NONNULL = YES;
				CLANG_ANALYZER_NUMBER_OBJECT_CONVERSION = YES_AGGRESSIVE;
				CLANG_CXX_LANGUAGE_STANDARD = "gnu++0x";
				CLANG_CXX_LIBRARY = "libc++";
				CLANG_ENABLE_MODULES = YES;
				CLANG_ENABLE_OBJC_ARC = YES;
				CLANG_WARN_BOOL_CONVERSION = YES;
				CLANG_WARN_CONSTANT_CONVERSION = YES;
				CLANG_WARN_DIRECT_OBJC_ISA_USAGE = YES_ERROR;
				CLANG_WARN_DOCUMENTATION_COMMENTS = YES;
				CLANG_WARN_EMPTY_BODY = YES;
				CLANG_WARN_ENUM_CONVERSION = YES;
				CLANG_WARN_INFINITE_RECURSION = YES;
				CLANG_WARN_INT_CONVERSION = YES;
				CLANG_WARN_OBJC_ROOT_CLASS = YES_ERROR;
				CLANG_WARN_SUSPICIOUS_MOVE = YES;
				CLANG_WARN_UNREACHABLE_CODE = YES;
				CLANG_WARN__DUPLICATE_METHOD_MATCH = YES;
				"CODE_SIGN_IDENTITY[sdk=iphoneos*]" = "iPhone Developer";
				COPY_PHASE_STRIP = NO;
				DEBUG_INFORMATION_FORMAT = "dwarf-with-dsym";
				ENABLE_NS_ASSERTIONS = NO;
				ENABLE_STRICT_OBJC_MSGSEND = YES;
				GCC_C_LANGUAGE_STANDARD = gnu99;
				GCC_NO_COMMON_BLOCKS = YES;
				GCC_WARN_64_TO_32_BIT_CONVERSION = YES;
				GCC_WARN_ABOUT_RETURN_TYPE = YES_ERROR;
				GCC_WARN_UNDECLARED_SELECTOR = YES;
				GCC_WARN_UNINITIALIZED_AUTOS = YES_AGGRESSIVE;
				GCC_WARN_UNUSED_FUNCTION = YES;
				GCC_WARN_UNUSED_VARIABLE = YES;
				IPHONEOS_DEPLOYMENT_TARGET = 10.3;
				MTL_ENABLE_DEBUG_INFO = NO;
				SDKROOT = iphoneos;
				TARGETED_DEVICE_FAMILY = "1,2";
				VALIDATE_PRODUCT = YES;
			};
			name = Release;
		};
		FD2762B21EA840FE0066E7A8 /* Debug */ = {
			isa = XCBuildConfiguration;
			buildSettings = {
				ASSETCATALOG_COMPILER_APPICON_NAME = AppIcon;
				DEVELOPMENT_TEAM = 6459Z37373;
				INFOPLIST_FILE = FingerprintIdentification/Info.plist;
				IPHONEOS_DEPLOYMENT_TARGET = 10.0;
				LD_RUNPATH_SEARCH_PATHS = "$(inherited) @executable_path/Frameworks";
				PRODUCT_BUNDLE_IDENTIFIER = siruijk.com.FingerprintIdentification;
				PRODUCT_NAME = "$(TARGET_NAME)";
			};
			name = Debug;
		};
		FD2762B31EA840FE0066E7A8 /* Release */ = {
			isa = XCBuildConfiguration;
			buildSettings = {
				ASSETCATALOG_COMPILER_APPICON_NAME = AppIcon;
				DEVELOPMENT_TEAM = 6459Z37373;
				INFOPLIST_FILE = FingerprintIdentification/Info.plist;
				IPHONEOS_DEPLOYMENT_TARGET = 10.0;
				LD_RUNPATH_SEARCH_PATHS = "$(inherited) @executable_path/Frameworks";
				PRODUCT_BUNDLE_IDENTIFIER = siruijk.com.FingerprintIdentification;
				PRODUCT_NAME = "$(TARGET_NAME)";
			};
			name = Release;
		};
/* End XCBuildConfiguration section */

/* Begin XCConfigurationList section */
		FD2762951EA840FE0066E7A8 /* Build configuration list for PBXProject "FingerprintIdentification" */ = {
			isa = XCConfigurationList;
			buildConfigurations = (
				FD2762AF1EA840FE0066E7A8 /* Debug */,
				FD2762B01EA840FE0066E7A8 /* Release */,
			);
			defaultConfigurationIsVisible = 0;
			defaultConfigurationName = Release;
		};
		FD2762B11EA840FE0066E7A8 /* Build configuration list for PBXNativeTarget "FingerprintIdentification" */ = {
			isa = XCConfigurationList;
			buildConfigurations = (
				FD2762B21EA840FE0066E7A8 /* Debug */,
				FD2762B31EA840FE0066E7A8 /* Release */,
			);
			defaultConfigurationIsVisible = 0;
		};
/* End XCConfigurationList section */
	};
	rootObject = FD2762921EA840FE0066E7A8 /* Project object */;
}
